{
  "name": "@project-sunbird/sunbird-quml-player-v9",
  "version": "4.7.2",
  "lockfileVersion": 1,
  "requires": true,
  "dependencies": {
    "@project-sunbird/sb-styles": {
      "version": "0.0.9",
      "resolved": "https://registry.npmjs.org/@project-sunbird/sb-styles/-/sb-styles-0.0.9.tgz",
      "integrity": "sha512-61jigtq4ertmh9XhnSDQlfZDSn1a8TXr7PvMxmJVWlzp4uoXHudZRzPoIi4IpvKD4AEk8nFRjIMc5eSsM5UJhw=="
    },
    "@project-sunbird/sunbird-player-sdk-v9": {
      "version": "4.6.4",
      "resolved": "https://registry.npmjs.org/@project-sunbird/sunbird-player-sdk-v9/-/sunbird-player-sdk-v9-4.6.4.tgz",
      "integrity": "sha512-pxAVFewcRrXxckAUk4f49hDh8DKmUxI5kZZA1+9NVfDO8w7E1cfC0zcvbfu1fP1u26qUA06wCR+O7Tn7FdNwMw==",
      "requires": {
        "ally.js": "1.4.1"
      }
    },
    "@project-sunbird/sunbird-quml-player-v9": {
      "version": "4.7.3",
      "resolved": "https://registry.npmjs.org/@project-sunbird/sunbird-quml-player-v9/-/sunbird-quml-player-v9-4.7.3.tgz",
      "integrity": "sha512-+oVdRvtA7ZvVDmE4lQ/pmpMvfSoYxkjANQ0jhvxRNHrJI9JaeoIfs4sacjC6FE8zGysB4cL5rcaEGtFwR4sjYw==",
      "requires": {
        "@project-sunbird/sunbird-player-sdk-v9": "4.6.4"
      }
    },
    "ally.js": {
      "version": "1.4.1",
      "resolved": "https://registry.npmjs.org/ally.js/-/ally.js-1.4.1.tgz",
      "integrity": "sha1-n7fmuljvrE7pExyymqnuO1QLzx4=",
      "requires": {
        "css.escape": "^1.5.0",
        "platform": "1.3.3"
      }
    },
    "bootstrap": {
      "version": "4.6.1",
      "resolved": "https://registry.npmjs.org/bootstrap/-/bootstrap-4.6.1.tgz",
      "integrity": "sha512-0dj+VgI9Ecom+rvvpNZ4MUZJz8dcX7WCX+eTID9+/8HgOkv3dsRzi8BGeZJCQU6flWQVYxwTQnEZFrmJSEO7og=="
    },
    "css.escape": {
      "version": "1.5.1",
      "resolved": "https://registry.npmjs.org/css.escape/-/css.escape-1.5.1.tgz",
      "integrity": "sha1-QuJ9T6BK4y+TGktNQZH6nN3ul8s="
    },
    "jquery": {
      "version": "3.6.0",
      "resolved": "https://registry.npmjs.org/jquery/-/jquery-3.6.0.tgz",
      "integrity": "sha512-JVzAR/AjBvVt2BmYhxRCSYysDsPcssdmTFnzyLEts9qNwmjmu4JTAMYubEfwVOSwpQ1I1sKKFcxhZCI2buerfw=="
    },
    "platform": {
      "version": "1.3.3",
      "resolved": "https://registry.npmjs.org/platform/-/platform-1.3.3.tgz",
      "integrity": "sha1-ZGx3ARiZhwtqCQPnXpl+jlHadGE="
    }
  }
}
