{
  "name": "@project-sunbird/sunbird-quml-player-v9",
  "version": "4.5.2",
  "lockfileVersion": 1,
  "requires": true,
  "dependencies": {
    "@project-sunbird/sunbird-player-sdk-v9": {
      "version": "4.4.4",
      "resolved": "https://registry.npmjs.org/@project-sunbird/sunbird-player-sdk-v9/-/sunbird-player-sdk-v9-4.4.4.tgz",
      "integrity": "sha512-AsHyA3SUpNRcGiCTVkp4rLtuFPPIQTOHhthREHHe90g4HX+JeeaSz3FYRzZ3nLjZdNFWOJ/9Xqni00sJQcuDfQ=="
    }
  }
}
