{
  "name": "@project-sunbird/sunbird-quml-player-v9",
  "version": "4.2.3",
  "lockfileVersion": 1,
  "requires": true,
  "dependencies": {
    "@project-sunbird/sunbird-player-sdk-v9": {
      "version": "4.2.0",
      "resolved": "https://registry.npmjs.org/@project-sunbird/sunbird-player-sdk-v9/-/sunbird-player-sdk-v9-4.2.0.tgz",
      "integrity": "sha512-N1t2BJjrVDAq4B/Fg4xALQ7hTyc2s8HbtC6rRcPOVFqoY7IAvDGChe4Gv8CcuNuJ9mVsv8j5wq/6ApOmFqQPCA==",
      "requires": {
        "tslib": "^1.9.0"
      }
    },
    "tslib": {
      "version": "1.14.1",
      "resolved": "https://registry.npmjs.org/tslib/-/tslib-1.14.1.tgz",
      "integrity": "sha512-Xni35NKzjgMrwevysHTCArtLDpPvye8zV/0E4EyYn43P7/7qvQwPh9BGkHewbMulVntbigmcT7rdX3BNo9wRJg=="
    }
  }
}
